
Microsoft Visual Studio Solution File, Format Version 12.00
# Visual Studio Version 16
VisualStudioVersion = 16.0.34031.81
MinimumVisualStudioVersion = 10.0.40219.1
Project("{2150E333-8FDC-42A3-9474-1A3956D46DE8}") = "Task0", "Task0", "{C1469BE5-4E90-4139-97FE-3DE7395D323F}"
EndProject
Project("{FAE04EC0-301F-11D3-BF4B-00C04F79EFBC}") = "Tyuiu.ShunanovKE.Sprint6.Task0.V20.Lib", "Tyuiu.ShunanovKE.Sprint6.Task0.V20.Lib\Tyuiu.ShunanovKE.Sprint6.Task0.V20.Lib.csproj", "{EDC51A4C-4F09-4CCE-8165-28CF81862E76}"
EndProject
Project("{FAE04EC0-301F-11D3-BF4B-00C04F79EFBC}") = "Tyuiu.ShunanovKE.Sprint6.Task0.V20.Test", "Tyuiu.ShunanovKE.Sprint6.Task0.V20.Test\Tyuiu.ShunanovKE.Sprint6.Task0.V20.Test.csproj", "{625753FC-8494-44CE-8715-F56C7810B4F4}"
EndProject
Project("{FAE04EC0-301F-11D3-BF4B-00C04F79EFBC}") = "Tyuiu.ShunanovKE.Sprint6.Task0.V20", "Tyuiu.ShunanovKE.Sprint6.Task0.V20\Tyuiu.ShunanovKE.Sprint6.Task0.V20.csproj", "{188273B1-AD29-4D74-BA4E-C12AF3B05FF7}"
EndProject
Project("{2150E333-8FDC-42A3-9474-1A3956D46DE8}") = "Task1", "Task1", "{B9FF2A10-4136-476A-A04E-947003427910}"
EndProject
Project("{FAE04EC0-301F-11D3-BF4B-00C04F79EFBC}") = "Tyuiu.ShunanovKE.Sprint6.Task1.V10.Lib", "Tyuiu.ShunanovKE.Sprint6.Task1.V10.Lib\Tyuiu.ShunanovKE.Sprint6.Task1.V10.Lib.csproj", "{A9032D4A-A19C-4689-A359-AF38A60ED536}"
EndProject
Project("{FAE04EC0-301F-11D3-BF4B-00C04F79EFBC}") = "Tyuiu.ShunanovKE.Sprint6.Task1.V10.Test", "Tyuiu.ShunanovKE.Sprint6.Task1.V10.Test\Tyuiu.ShunanovKE.Sprint6.Task1.V10.Test.csproj", "{F7E764A3-D564-423D-9B39-72CD20704A06}"
EndProject
Project("{FAE04EC0-301F-11D3-BF4B-00C04F79EFBC}") = "Tyuiu.ShunanovKE.Sprint6.Task1.V10", "Tyuiu.ShunanovKE.Sprint6.Task1.V10\Tyuiu.ShunanovKE.Sprint6.Task1.V10.csproj", "{DE10F13B-B118-441D-AE3E-F2C7A8B57C21}"
EndProject
Global
	GlobalSection(SolutionConfigurationPlatforms) = preSolution
		Debug|Any CPU = Debug|Any CPU
		Release|Any CPU = Release|Any CPU
	EndGlobalSection
	GlobalSection(ProjectConfigurationPlatforms) = postSolution
		{EDC51A4C-4F09-4CCE-8165-28CF81862E76}.Debug|Any CPU.ActiveCfg = Debug|Any CPU
		{EDC51A4C-4F09-4CCE-8165-28CF81862E76}.Debug|Any CPU.Build.0 = Debug|Any CPU
		{EDC51A4C-4F09-4CCE-8165-28CF81862E76}.Release|Any CPU.ActiveCfg = Release|Any CPU
		{EDC51A4C-4F09-4CCE-8165-28CF81862E76}.Release|Any CPU.Build.0 = Release|Any CPU
		{625753FC-8494-44CE-8715-F56C7810B4F4}.Debug|Any CPU.ActiveCfg = Debug|Any CPU
		{625753FC-8494-44CE-8715-F56C7810B4F4}.Debug|Any CPU.Build.0 = Debug|Any CPU
		{625753FC-8494-44CE-8715-F56C7810B4F4}.Release|Any CPU.ActiveCfg = Release|Any CPU
		{625753FC-8494-44CE-8715-F56C7810B4F4}.Release|Any CPU.Build.0 = Release|Any CPU
		{188273B1-AD29-4D74-BA4E-C12AF3B05FF7}.Debug|Any CPU.ActiveCfg = Debug|Any CPU
		{188273B1-AD29-4D74-BA4E-C12AF3B05FF7}.Debug|Any CPU.Build.0 = Debug|Any CPU
		{188273B1-AD29-4D74-BA4E-C12AF3B05FF7}.Release|Any CPU.ActiveCfg = Release|Any CPU
		{188273B1-AD29-4D74-BA4E-C12AF3B05FF7}.Release|Any CPU.Build.0 = Release|Any CPU
		{A9032D4A-A19C-4689-A359-AF38A60ED536}.Debug|Any CPU.ActiveCfg = Debug|Any CPU
		{A9032D4A-A19C-4689-A359-AF38A60ED536}.Debug|Any CPU.Build.0 = Debug|Any CPU
		{A9032D4A-A19C-4689-A359-AF38A60ED536}.Release|Any CPU.ActiveCfg = Release|Any CPU
		{A9032D4A-A19C-4689-A359-AF38A60ED536}.Release|Any CPU.Build.0 = Release|Any CPU
		{F7E764A3-D564-423D-9B39-72CD20704A06}.Debug|Any CPU.ActiveCfg = Debug|Any CPU
		{F7E764A3-D564-423D-9B39-72CD20704A06}.Debug|Any CPU.Build.0 = Debug|Any CPU
		{F7E764A3-D564-423D-9B39-72CD20704A06}.Release|Any CPU.ActiveCfg = Release|Any CPU
		{F7E764A3-D564-423D-9B39-72CD20704A06}.Release|Any CPU.Build.0 = Release|Any CPU
		{DE10F13B-B118-441D-AE3E-F2C7A8B57C21}.Debug|Any CPU.ActiveCfg = Debug|Any CPU
		{DE10F13B-B118-441D-AE3E-F2C7A8B57C21}.Debug|Any CPU.Build.0 = Debug|Any CPU
		{DE10F13B-B118-441D-AE3E-F2C7A8B57C21}.Release|Any CPU.ActiveCfg = Release|Any CPU
		{DE10F13B-B118-441D-AE3E-F2C7A8B57C21}.Release|Any CPU.Build.0 = Release|Any CPU
	EndGlobalSection
	GlobalSection(SolutionProperties) = preSolution
		HideSolutionNode = FALSE
	EndGlobalSection
	GlobalSection(NestedProjects) = preSolution
		{EDC51A4C-4F09-4CCE-8165-28CF81862E76} = {C1469BE5-4E90-4139-97FE-3DE7395D323F}
		{625753FC-8494-44CE-8715-F56C7810B4F4} = {C1469BE5-4E90-4139-97FE-3DE7395D323F}
		{188273B1-AD29-4D74-BA4E-C12AF3B05FF7} = {C1469BE5-4E90-4139-97FE-3DE7395D323F}
		{A9032D4A-A19C-4689-A359-AF38A60ED536} = {B9FF2A10-4136-476A-A04E-947003427910}
		{F7E764A3-D564-423D-9B39-72CD20704A06} = {B9FF2A10-4136-476A-A04E-947003427910}
		{DE10F13B-B118-441D-AE3E-F2C7A8B57C21} = {B9FF2A10-4136-476A-A04E-947003427910}
	EndGlobalSection
	GlobalSection(ExtensibilityGlobals) = postSolution
		SolutionGuid = {815B8E52-FA1F-45BA-90B8-4814C6ABDA55}
	EndGlobalSection
EndGlobal
